
Microsoft Visual Studio Solution File, Format Version 12.00
# Visual Studio Version 17
VisualStudioVersion = 17.8.34309.116
MinimumVisualStudioVersion = 10.0.40219.1
Project("{FAE04EC0-301F-11D3-BF4B-00C04F79EFBC}") = "ConsoleApp.26.11.2023", "ConsoleApp.26.11.2023\ConsoleApp.26.11.2023.csproj", "{0DC77F4A-520E-496F-8160-5751AF96D4F4}"
EndProject
Global
	GlobalSection(SolutionConfigurationPlatforms) = preSolution
		Debug|Any CPU = Debug|Any CPU
		Release|Any CPU = Release|Any CPU
	EndGlobalSection
	GlobalSection(ProjectConfigurationPlatforms) = postSolution
		{0DC77F4A-520E-496F-8160-5751AF96D4F4}.Debug|Any CPU.ActiveCfg = Debug|Any CPU
		{0DC77F4A-520E-496F-8160-5751AF96D4F4}.Debug|Any CPU.Build.0 = Debug|Any CPU
		{0DC77F4A-520E-496F-8160-5751AF96D4F4}.Release|Any CPU.ActiveCfg = Release|Any CPU
		{0DC77F4A-520E-496F-8160-5751AF96D4F4}.Release|Any CPU.Build.0 = Release|Any CPU
	EndGlobalSection
	GlobalSection(SolutionProperties) = preSolution
		HideSolutionNode = FALSE
	EndGlobalSection
	GlobalSection(ExtensibilityGlobals) = postSolution
		SolutionGuid = {D69F4958-8289-4130-840F-626AB8DF266A}
	EndGlobalSection
EndGlobal
